<?xml version="1.0" encoding="utf-8"?>
<Project ToolsVersion="4.0" xmlns="http://schemas.microsoft.com/developer/msbuild/2003">
  <ItemGroup>
    <Filter Include="Source Files">
      <UniqueIdentifier>{4FC737F1-C7A5-4376-A066-2A32D752A2FF}</UniqueIdentifier>
      <Extensions>cpp;c;cc;cxx;c++;cppm;ixx;def;odl;idl;hpj;bat;asm;asmx</Extensions>
    </Filter>
    <Filter Include="Header Files">
      <UniqueIdentifier>{93995380-89BD-4b04-88EB-625FBE52EBFB}</UniqueIdentifier>
      <Extensions>h;hh;hpp;hxx;h++;hm;inl;inc;ipp;xsd</Extensions>
    </Filter>
    <Filter Include="Resource Files">
      <UniqueIdentifier>{67DA6AB6-F800-4c08-8B7A-83BB121AAD01}</UniqueIdentifier>
      <Extensions>rc;ico;cur;bmp;dlg;rc2;rct;bin;rgs;gif;jpg;jpeg;jpe;resx;tiff;tif;png;wav;mfcribbon-ms</Extensions>
    </Filter>
  </ItemGroup>
  <ItemGroup>
    <ClCompile Include="src\AenirEngine\Window\Input.cpp">
      <Filter>Source Files</Filter>
    </ClCompile>
    <ClCompile Include="src\AenirEngine\Window\Window.cpp">
      <Filter>Source Files</Filter>
    </ClCompile>
    <ClCompile Include="src\AenirEngine\Window\WindowDesc.cpp">
      <Filter>Source Files</Filter>
    </ClCompile>
    <ClCompile Include="src\AenirEngine\Core\App.cpp">
      <Filter>Source Files</Filter>
    </ClCompile>
    <ClCompile Include="src\AenirEngine\Core\GameLoop.cpp">
      <Filter>Source Files</Filter>
    </ClCompile>
    <ClCompile Include="src\AenirEngine\Graphics\DirectX11\DX11Core.cpp">
      <Filter>Source Files</Filter>
    </ClCompile>
    <ClCompile Include="src\AenirEngine\Graphics\DirectX11\BBuffer.cpp">
      <Filter>Source Files</Filter>
    </ClCompile>
    <ClCompile Include="src\AenirEngine\Graphics\DirectX11\IBuffer.cpp">
      <Filter>Source Files</Filter>
    </ClCompile>
    <ClCompile Include="src\AenirEngine\Graphics\DirectX11\RState.cpp">
      <Filter>Source Files</Filter>
    </ClCompile>
    <ClCompile Include="src\AenirEngine\Graphics\DirectX11\Depth.cpp">
      <Filter>Source Files</Filter>
    </ClCompile>
    <ClCompile Include="src\AenirEngine\Graphics\DirectX11\ILayout.cpp">
      <Filter>Source Files</Filter>
    </ClCompile>
    <ClCompile Include="src\AenirEngine\Graphics\DirectX11\DepthMap.cpp">
      <Filter>Source Files</Filter>
    </ClCompile>
    <ClCompile Include="src\AenirEngine\Graphics\DirectX11\ScreenQuad.cpp">
      <Filter>Source Files</Filter>
    </ClCompile>
    <ClCompile Include="src\AenirEngine\Graphics\DirectX11\ShaderResource.cpp">
      <Filter>Source Files</Filter>
    </ClCompile>
    <ClCompile Include="src\AenirEngine\Graphics\DirectX11\Sampler.cpp">
      <Filter>Source Files</Filter>
    </ClCompile>
    <ClCompile Include="src\PCH\PCH.cpp">
      <Filter>Source Files</Filter>
    </ClCompile>
    <ClCompile Include="src\AenirEngine\Graphics\Component\Material\Material.cpp">
      <Filter>Source Files</Filter>
    </ClCompile>
    <ClCompile Include="src\AenirEngine\Graphics\Component\Material\Texture.cpp">
      <Filter>Source Files</Filter>
    </ClCompile>
    <ClCompile Include="src\AenirEngine\Graphics\DirectX11\DBuffer.cpp">
      <Filter>Source Files</Filter>
    </ClCompile>
    <ClCompile Include="src\AenirEngine\Graphics\Component\Mesh\Mesh.cpp">
      <Filter>Source Files</Filter>
    </ClCompile>
    <ClCompile Include="src\AenirEngine\Graphics\Component\Tranform\Tranform.cpp">
      <Filter>Source Files</Filter>
    </ClCompile>
    <ClCompile Include="src\AenirEngine\Graphics\Component\Camera\Camera.cpp">
      <Filter>Source Files</Filter>
    </ClCompile>
    <ClCompile Include="src\AenirEngine\Graphics\Component\Entity.cpp">
      <Filter>Source Files</Filter>
    </ClCompile>
    <ClCompile Include="src\AenirEngine\Graphics\DirectX11\GBuffer.cpp">
      <Filter>Source Files</Filter>
    </ClCompile>
    <ClCompile Include="src\AenirEngine\Core\Renderer.cpp">
      <Filter>Source Files</Filter>
    </ClCompile>
    <ClCompile Include="src\AenirEngine\Core\GlobalSettings.cpp">
      <Filter>Source Files</Filter>
    </ClCompile>
    <ClCompile Include="src\AenirEngine\Graphics\Component\EntityHandler.cpp">
      <Filter>Source Files</Filter>
    </ClCompile>
    <ClCompile Include="src\AenirEngine\Graphics\Component\ComponentHandler.cpp">
      <Filter>Source Files</Filter>
    </ClCompile>
    <ClCompile Include="src\AenirEngine\Graphics\Component\ResourceHandler.cpp">
      <Filter>Source Files</Filter>
    </ClCompile>
    <ClCompile Include="src\AenirEngine\Graphics\Component\Animation\Animation.cpp">
      <Filter>Source Files</Filter>
    </ClCompile>
    <ClCompile Include="src\AenirEngine\Graphics\DirectX11\Stencil.cpp">
      <Filter>Source Files</Filter>
    </ClCompile>
    <ClCompile Include="src\AenirEngine\Graphics\Component\Light\Light.cpp">
      <Filter>Source Files</Filter>
    </ClCompile>
  </ItemGroup>
  <ItemGroup>
    <ClInclude Include="src\AenirEngine\AenWindow.h">
      <Filter>Header Files</Filter>
    </ClInclude>
    <ClInclude Include="src\AenirEngine\Window\Input.h">
      <Filter>Header Files</Filter>
    </ClInclude>
    <ClInclude Include="src\AenirEngine\Window\Window.h">
      <Filter>Header Files</Filter>
    </ClInclude>
    <ClInclude Include="src\AenirEngine\Window\WindowDef.h">
      <Filter>Header Files</Filter>
    </ClInclude>
    <ClInclude Include="src\AenirEngine\Window\WindowDesc.h">
      <Filter>Header Files</Filter>
    </ClInclude>
    <ClInclude Include="src\AenirEngine\Window\WindowHandle.h">
      <Filter>Header Files</Filter>
    </ClInclude>
    <ClInclude Include="src\AenirEngine\AenMath.h">
      <Filter>Header Files</Filter>
    </ClInclude>
    <ClInclude Include="src\AenirEngine\Math\Vector.h">
      <Filter>Header Files</Filter>
    </ClInclude>
    <ClInclude Include="src\AenirEngine\Math\Circle.h">
      <Filter>Header Files</Filter>
    </ClInclude>
    <ClInclude Include="src\AenirEngine\Math\Color.h">
      <Filter>Header Files</Filter>
    </ClInclude>
    <ClInclude Include="src\AenirEngine\Math\MathFunctions.h">
      <Filter>Header Files</Filter>
    </ClInclude>
    <ClInclude Include="src\AenirEngine\Math\Matrix.h">
      <Filter>Header Files</Filter>
    </ClInclude>
    <ClInclude Include="src\AenirEngine\Math\Quaternion.h">
      <Filter>Header Files</Filter>
    </ClInclude>
    <ClInclude Include="src\AenirEngine\Math\Rect.h">
      <Filter>Header Files</Filter>
    </ClInclude>
    <ClInclude Include="src\AenirEngine\Math\Simd.h">
      <Filter>Header Files</Filter>
    </ClInclude>
    <ClInclude Include="src\AenirEngine\Math\Tracer.h">
      <Filter>Header Files</Filter>
    </ClInclude>
    <ClInclude Include="src\AenirEngine.h">
      <Filter>Header Files</Filter>
    </ClInclude>
    <ClInclude Include="src\AenirEngine\WinMain.h">
      <Filter>Header Files</Filter>
    </ClInclude>
    <ClInclude Include="src\AenirEngine\Core\App.h">
      <Filter>Header Files</Filter>
    </ClInclude>
    <ClInclude Include="src\AenirEngine\AenDefines.h">
      <Filter>Header Files</Filter>
    </ClInclude>
    <ClInclude Include="src\AenirEngine\AenCore.h">
      <Filter>Header Files</Filter>
    </ClInclude>
    <ClInclude Include="src\AenirEngine\Core\GameLoop.h">
      <Filter>Header Files</Filter>
    </ClInclude>
    <ClInclude Include="src\AenirEngine\Graphics\DirectX11\DX11Core.h">
      <Filter>Header Files</Filter>
    </ClInclude>
    <ClInclude Include="src\AenirEngine\Graphics\DirectX11\DX11Type.h">
      <Filter>Header Files</Filter>
    </ClInclude>
    <ClInclude Include="src\AenirEngine\Graphics\Graphics.h">
      <Filter>Header Files</Filter>
    </ClInclude>
    <ClInclude Include="src\AenirEngine\Graphics\DirectX11\BBuffer.h">
      <Filter>Header Files</Filter>
    </ClInclude>
    <ClInclude Include="src\AenirEngine\Graphics\DirectX11\CBuffer.h">
      <Filter>Header Files</Filter>
    </ClInclude>
    <ClInclude Include="src\AenirEngine\Graphics\DirectX11\IBuffer.h">
      <Filter>Header Files</Filter>
    </ClInclude>
    <ClInclude Include="src\AenirEngine\Graphics\DirectX11\RState.h">
      <Filter>Header Files</Filter>
    </ClInclude>
    <ClInclude Include="src\AenirEngine\Graphics\DirectX11\SBuffer.h">
      <Filter>Header Files</Filter>
    </ClInclude>
    <ClInclude Include="src\AenirEngine\Graphics\DirectX11\Shader.h">
      <Filter>Header Files</Filter>
    </ClInclude>
    <ClInclude Include="src\AenirEngine\ThirdParty\stb_image.h">
      <Filter>Header Files</Filter>
    </ClInclude>
    <ClInclude Include="src\AenirEngine\Graphics\DirectX11\VBuffer.h">
      <Filter>Header Files</Filter>
    </ClInclude>
    <ClInclude Include="src\AenirEngine\Graphics\DirectX11\Depth.h">
      <Filter>Header Files</Filter>
    </ClInclude>
    <ClInclude Include="src\AenirEngine\Graphics\DirectX11\ILayout.h">
      <Filter>Header Files</Filter>
    </ClInclude>
    <ClInclude Include="src\AenirEngine\Graphics\DirectX11\DepthMap.h">
      <Filter>Header Files</Filter>
    </ClInclude>
    <ClInclude Include="src\AenirEngine\Graphics\DirectX11\ScreenQuad.h">
      <Filter>Header Files</Filter>
    </ClInclude>
    <ClInclude Include="src\AenirEngine\Graphics\DirectX11\ShaderResource.h">
      <Filter>Header Files</Filter>
    </ClInclude>
    <ClInclude Include="src\AenirEngine\Graphics\DirectX11\Sampler.h">
      <Filter>Header Files</Filter>
    </ClInclude>
    <ClInclude Include="src\AenirEngine\Graphics\Component\Material\Material.h">
      <Filter>Header Files</Filter>
    </ClInclude>
    <ClInclude Include="src\AenirEngine\Graphics\RenderSystem.h">
      <Filter>Header Files</Filter>
    </ClInclude>
    <ClInclude Include="src\AenirEngine\AenGraphics.h">
      <Filter>Header Files</Filter>
    </ClInclude>
    <ClInclude Include="src\PCH\PCH.h">
      <Filter>Header Files</Filter>
    </ClInclude>
    <ClInclude Include="src\AenirEngine\Graphics\Component\Material\Texture.h">
      <Filter>Header Files</Filter>
    </ClInclude>
    <ClInclude Include="src\AenirEngine\Graphics\DirectX11\DBuffer.h">
      <Filter>Header Files</Filter>
    </ClInclude>
    <ClInclude Include="src\AenirEngine\Graphics\Component\Mesh\Mesh.h">
      <Filter>Header Files</Filter>
    </ClInclude>
    <ClInclude Include="src\AenirEngine\Importer\ObjImporter.h">
      <Filter>Header Files</Filter>
    </ClInclude>
    <ClInclude Include="src\AenirEngine\Graphics\Component\Tranform\Tranform.h">
      <Filter>Header Files</Filter>
    </ClInclude>
    <ClInclude Include="src\AenirEngine\Graphics\Component\Camera\Camera.h">
      <Filter>Header Files</Filter>
    </ClInclude>
    <ClInclude Include="src\AenirEngine\Graphics\Component\Entity.h">
      <Filter>Header Files</Filter>
    </ClInclude>
    <ClInclude Include="src\AenirEngine\Graphics\Component\EntityHandler.h">
      <Filter>Header Files</Filter>
    </ClInclude>
    <ClInclude Include="src\AenirEngine\Graphics\DirectX11\GBuffer.h">
      <Filter>Header Files</Filter>
    </ClInclude>
    <ClInclude Include="src\AenirEngine\Core\Renderer.h">
      <Filter>Header Files</Filter>
    </ClInclude>
    <ClInclude Include="src\AenirEngine\Core\GlobalSettings.h">
      <Filter>Header Files</Filter>
    </ClInclude>
    <ClInclude Include="src\AenirEngine\Graphics\Component\ComponentHandler.h">
      <Filter>Header Files</Filter>
    </ClInclude>
    <ClInclude Include="src\AenirEngine\Graphics\Component\ResourceHandler.h">
      <Filter>Header Files</Filter>
    </ClInclude>
    <ClInclude Include="src\AenirEngine\Graphics\Component\Animation\Animation.h">
      <Filter>Header Files</Filter>
    </ClInclude>
    <ClInclude Include="src\AenirEngine\Graphics\DirectX11\Stencil.h">
      <Filter>Header Files</Filter>
    </ClInclude>
    <ClInclude Include="src\AenirEngine\Graphics\Component\Light\Light.h">
      <Filter>Header Files</Filter>
    </ClInclude>
  </ItemGroup>
  <ItemGroup>
    <FxCompile Include="src\AenirEngine\Graphics\Shader Files\CellShaderVS.hlsl" />
    <FxCompile Include="src\AenirEngine\Graphics\Shader Files\CellShaderPS.hlsl" />
    <FxCompile Include="src\AenirEngine\Graphics\Shader Files\PostVS.hlsl" />
    <FxCompile Include="src\AenirEngine\Graphics\Shader Files\PostPS.hlsl" />
  </ItemGroup>
</Project>