<?xml version="1.0" encoding="utf-8"?>
<Project ToolsVersion="4.0" xmlns="http://schemas.microsoft.com/developer/msbuild/2003">
  <ItemGroup>
    <Filter Include="Source Files">
      <UniqueIdentifier>{4FC737F1-C7A5-4376-A066-2A32D752A2FF}</UniqueIdentifier>
      <Extensions>cpp;c;cc;cxx;c++;cppm;ixx;def;odl;idl;hpj;bat;asm;asmx</Extensions>
    </Filter>
    <Filter Include="Header Files">
      <UniqueIdentifier>{93995380-89BD-4b04-88EB-625FBE52EBFB}</UniqueIdentifier>
      <Extensions>h;hh;hpp;hxx;h++;hm;inl;inc;ipp;xsd</Extensions>
    </Filter>
    <Filter Include="Resource Files">
      <UniqueIdentifier>{67DA6AB6-F800-4c08-8B7A-83BB121AAD01}</UniqueIdentifier>
      <Extensions>rc;ico;cur;bmp;dlg;rc2;rct;bin;rgs;gif;jpg;jpeg;jpe;resx;tiff;tif;png;wav;mfcribbon-ms</Extensions>
    </Filter>
    <Filter Include="Header Files\Graphics">
      <UniqueIdentifier>{aa53f9f6-3b8d-4f22-a897-618868ee0bcc}</UniqueIdentifier>
    </Filter>
    <Filter Include="Header Files\Graphics\DirectX11">
      <UniqueIdentifier>{55c531f2-af0f-4d6f-b66d-96eb98e72839}</UniqueIdentifier>
    </Filter>
    <Filter Include="Source Files\Graphics">
      <UniqueIdentifier>{407c511c-b67a-48ad-b8af-e2c512804af3}</UniqueIdentifier>
    </Filter>
    <Filter Include="Source Files\Graphics\DirectX11">
      <UniqueIdentifier>{9361da54-edc1-4c63-a37a-0ece5740ced9}</UniqueIdentifier>
    </Filter>
    <Filter Include="Header Files\Core">
      <UniqueIdentifier>{aacf4a6e-f8a4-4068-897b-6413ddf6d503}</UniqueIdentifier>
    </Filter>
    <Filter Include="Source Files\Core">
      <UniqueIdentifier>{76d7c5f2-270c-4079-a08f-16e7dde727ec}</UniqueIdentifier>
    </Filter>
    <Filter Include="Shader Files">
      <UniqueIdentifier>{bfa0d884-9798-4e0f-b5ff-30d3860b5c93}</UniqueIdentifier>
    </Filter>
    <Filter Include="Shader Files\CellShader">
      <UniqueIdentifier>{b9af8b3b-5fe1-450b-9721-1355de788b43}</UniqueIdentifier>
    </Filter>
    <Filter Include="Shader Files\HairShader">
      <UniqueIdentifier>{ce10cc80-c8f5-4d98-b228-cba231c4f9a5}</UniqueIdentifier>
    </Filter>
    <Filter Include="Source Files\Window">
      <UniqueIdentifier>{b6cac8aa-7470-4540-8606-2b191740997a}</UniqueIdentifier>
    </Filter>
    <Filter Include="Header Files\Window">
      <UniqueIdentifier>{af468b9d-d662-4736-a0c8-2264c733fcd9}</UniqueIdentifier>
    </Filter>
    <Filter Include="Header Files\ThirdParty">
      <UniqueIdentifier>{0e5c060c-9ac7-4adf-9222-02e47818a731}</UniqueIdentifier>
    </Filter>
    <Filter Include="Source Files\ThirdParty">
      <UniqueIdentifier>{3868da35-b2f4-4002-b8bf-ff96d3b0fda9}</UniqueIdentifier>
    </Filter>
    <Filter Include="Source Files\ThirdParty\ImGui">
      <UniqueIdentifier>{afa2cc1d-903f-42bd-a329-ec79038ab2e2}</UniqueIdentifier>
    </Filter>
    <Filter Include="Header Files\ThirdParty\ImGui">
      <UniqueIdentifier>{c1b25acf-8485-4805-a93a-da57dcd2b33c}</UniqueIdentifier>
    </Filter>
    <Filter Include="Header Files\Math">
      <UniqueIdentifier>{df43aee7-3fbf-475f-8515-7dd51671a364}</UniqueIdentifier>
    </Filter>
    <Filter Include="Header Files\Graphics\Component">
      <UniqueIdentifier>{ab75d832-fc5c-48e0-9ea2-52441636128d}</UniqueIdentifier>
    </Filter>
    <Filter Include="Source Files\Graphics\Component">
      <UniqueIdentifier>{1c555d38-a582-41b8-b4a6-9fd71dd8ff21}</UniqueIdentifier>
    </Filter>
    <Filter Include="Source Files\Graphics\Component\Animation">
      <UniqueIdentifier>{90a9a88d-9427-4bc4-aa77-bb34e8b12c1b}</UniqueIdentifier>
    </Filter>
    <Filter Include="Source Files\Graphics\Component\Camera">
      <UniqueIdentifier>{ef57c9e7-47c9-491a-8696-40f0b2d047e4}</UniqueIdentifier>
    </Filter>
    <Filter Include="Source Files\Graphics\Component\Light">
      <UniqueIdentifier>{e259c711-3853-4dc7-bfba-cd1e07827a52}</UniqueIdentifier>
    </Filter>
    <Filter Include="Source Files\Graphics\Component\Mesh">
      <UniqueIdentifier>{72c4b2cc-d76a-44f9-a568-cfbb84e93b92}</UniqueIdentifier>
    </Filter>
    <Filter Include="Source Files\Graphics\Component\Tranform">
      <UniqueIdentifier>{0aab85ac-8bec-46ef-9e9e-6adf55adc038}</UniqueIdentifier>
    </Filter>
    <Filter Include="Header Files\Graphics\Component\Animation">
      <UniqueIdentifier>{2dfc4fc0-5dfc-4fe4-baa4-26917886e60d}</UniqueIdentifier>
    </Filter>
    <Filter Include="Header Files\Graphics\Component\Camera">
      <UniqueIdentifier>{ab4f948a-2062-45e8-8118-98b77b5ec5ce}</UniqueIdentifier>
    </Filter>
    <Filter Include="Header Files\Graphics\Component\Light">
      <UniqueIdentifier>{9905c78f-b6b7-4518-88f9-fe1114147821}</UniqueIdentifier>
    </Filter>
    <Filter Include="Header Files\Graphics\Component\Mesh">
      <UniqueIdentifier>{f7b16ce0-6d76-441d-963b-9066728e6e24}</UniqueIdentifier>
    </Filter>
    <Filter Include="Header Files\Graphics\Component\Tranform">
      <UniqueIdentifier>{f1b2d019-dc83-4316-bc09-fecfe5a3a5ca}</UniqueIdentifier>
    </Filter>
    <Filter Include="Header Files\Importer">
      <UniqueIdentifier>{828903be-e8d7-40e3-b892-6c38532f4708}</UniqueIdentifier>
    </Filter>
    <Filter Include="Source Files\LevelEditor">
      <UniqueIdentifier>{22f9b7f6-dd00-414d-ae55-ac0a6bc84f41}</UniqueIdentifier>
    </Filter>
    <Filter Include="Header Files\LevelEditor">
      <UniqueIdentifier>{e4a6ed27-4c4a-4044-bf84-6c20558eee3b}</UniqueIdentifier>
    </Filter>
    <Filter Include="Header Files\LevelGeneration">
      <UniqueIdentifier>{07001812-2da7-4a1b-a30d-48a2998c6115}</UniqueIdentifier>
    </Filter>
    <Filter Include="Source Files\LevelGeneration">
      <UniqueIdentifier>{44d54ac9-78ec-4a08-a1b0-b61ca5d566ff}</UniqueIdentifier>
    </Filter>
  </ItemGroup>
  <ItemGroup>
    <ClCompile Include="src\PCH\PCH.cpp">
      <Filter>Source Files</Filter>
    </ClCompile>
    <ClCompile Include="src\AenirEngine\Graphics\DirectX11\BBuffer.cpp">
      <Filter>Source Files\Graphics\DirectX11</Filter>
    </ClCompile>
    <ClCompile Include="src\AenirEngine\Graphics\DirectX11\DBuffer.cpp">
      <Filter>Source Files\Graphics\DirectX11</Filter>
    </ClCompile>
    <ClCompile Include="src\AenirEngine\Graphics\DirectX11\Depth.cpp">
      <Filter>Source Files\Graphics\DirectX11</Filter>
    </ClCompile>
    <ClCompile Include="src\AenirEngine\Graphics\DirectX11\DepthMap.cpp">
      <Filter>Source Files\Graphics\DirectX11</Filter>
    </ClCompile>
    <ClCompile Include="src\AenirEngine\Graphics\DirectX11\DX11Core.cpp">
      <Filter>Source Files\Graphics\DirectX11</Filter>
    </ClCompile>
    <ClCompile Include="src\AenirEngine\Graphics\DirectX11\GBuffer.cpp">
      <Filter>Source Files\Graphics\DirectX11</Filter>
    </ClCompile>
    <ClCompile Include="src\AenirEngine\Graphics\DirectX11\IBuffer.cpp">
      <Filter>Source Files\Graphics\DirectX11</Filter>
    </ClCompile>
    <ClCompile Include="src\AenirEngine\Graphics\DirectX11\ILayout.cpp">
      <Filter>Source Files\Graphics\DirectX11</Filter>
    </ClCompile>
    <ClCompile Include="src\AenirEngine\Graphics\DirectX11\Reflection.cpp">
      <Filter>Source Files\Graphics\DirectX11</Filter>
    </ClCompile>
    <ClCompile Include="src\AenirEngine\Graphics\DirectX11\RState.cpp">
      <Filter>Source Files\Graphics\DirectX11</Filter>
    </ClCompile>
    <ClCompile Include="src\AenirEngine\Graphics\DirectX11\Sampler.cpp">
      <Filter>Source Files\Graphics\DirectX11</Filter>
    </ClCompile>
    <ClCompile Include="src\AenirEngine\Graphics\DirectX11\ScreenQuad.cpp">
      <Filter>Source Files\Graphics\DirectX11</Filter>
    </ClCompile>
    <ClCompile Include="src\AenirEngine\Graphics\DirectX11\ShaderResource.cpp">
      <Filter>Source Files\Graphics\DirectX11</Filter>
    </ClCompile>
    <ClCompile Include="src\AenirEngine\Graphics\DirectX11\Stencil.cpp">
      <Filter>Source Files\Graphics\DirectX11</Filter>
    </ClCompile>
    <ClCompile Include="src\AenirEngine\Core\App.cpp">
      <Filter>Source Files\Core</Filter>
    </ClCompile>
    <ClCompile Include="src\AenirEngine\Core\GameLoop.cpp">
      <Filter>Source Files\Core</Filter>
    </ClCompile>
    <ClCompile Include="src\AenirEngine\Core\GlobalSettings.cpp">
      <Filter>Source Files\Core</Filter>
    </ClCompile>
    <ClCompile Include="src\AenirEngine\Core\Renderer.cpp">
      <Filter>Source Files\Core</Filter>
    </ClCompile>
    <ClCompile Include="src\AenirEngine\Window\Input.cpp">
      <Filter>Source Files\Window</Filter>
    </ClCompile>
    <ClCompile Include="src\AenirEngine\Window\Window.cpp">
      <Filter>Source Files\Window</Filter>
    </ClCompile>
    <ClCompile Include="src\AenirEngine\Window\WindowDesc.cpp">
      <Filter>Source Files\Window</Filter>
    </ClCompile>
    <ClCompile Include="src\AenirEngine\Graphics\Component\ComponentHandler.cpp">
      <Filter>Source Files\Graphics\Component</Filter>
    </ClCompile>
    <ClCompile Include="src\AenirEngine\Graphics\Component\Entity.cpp">
      <Filter>Source Files\Graphics\Component</Filter>
    </ClCompile>
    <ClCompile Include="src\AenirEngine\Graphics\Component\EntityHandler.cpp">
      <Filter>Source Files\Graphics\Component</Filter>
    </ClCompile>
    <ClCompile Include="src\AenirEngine\Graphics\Component\Resource.cpp">
      <Filter>Source Files\Graphics\Component</Filter>
    </ClCompile>
    <ClCompile Include="src\AenirEngine\Graphics\Component\Animation\Animation.cpp">
      <Filter>Source Files\Graphics\Component\Animation</Filter>
    </ClCompile>
    <ClCompile Include="src\AenirEngine\Graphics\Component\Camera\Camera.cpp">
      <Filter>Source Files\Graphics\Component\Camera</Filter>
    </ClCompile>
    <ClCompile Include="src\AenirEngine\Graphics\Component\Light\Light.cpp">
      <Filter>Source Files\Graphics\Component\Light</Filter>
    </ClCompile>
    <ClCompile Include="src\AenirEngine\Graphics\Component\Drawable\Mesh\Material.cpp">
      <Filter>Source Files\Graphics\Component\Mesh</Filter>
    </ClCompile>
    <ClCompile Include="src\AenirEngine\Graphics\Component\Drawable\Mesh\Mesh.cpp">
      <Filter>Source Files\Graphics\Component\Mesh</Filter>
    </ClCompile>
    <ClCompile Include="src\AenirEngine\Graphics\Component\Drawable\Mesh\Texture.cpp">
      <Filter>Source Files\Graphics\Component\Mesh</Filter>
    </ClCompile>
    <ClCompile Include="src\AenirEngine\Graphics\Component\Tranform\Tranform.cpp">
      <Filter>Source Files\Graphics\Component\Tranform</Filter>
    </ClCompile>
    <ClCompile Include="src\AenirEngine\ThirdParty\SimpleMath\SimpleMath.cpp">
      <Filter>Source Files</Filter>
    </ClCompile>
    <ClCompile Include="src\AenirEngine\Graphics\Component\Drawable\Mesh\MeshInstance.cpp">
      <Filter>Source Files</Filter>
    </ClCompile>
    <ClCompile Include="src\AenirEngine\Graphics\Component\Drawable\Drawable.cpp">
      <Filter>Source Files</Filter>
    </ClCompile>
    <ClCompile Include="src\AenirEngine\Graphics\DirectX11\UAView.cpp">
      <Filter>Source Files</Filter>
    </ClCompile>
    <ClCompile Include="src\AenirEngine\Graphics\DirectX11\RWTexture2D.cpp">
      <Filter>Source Files</Filter>
    </ClCompile>
    <ClCompile Include="src\AenirEngine\ThirdParty\ImGui\imgui_widgets.cpp">
      <Filter>Source Files\ThirdParty\ImGui</Filter>
    </ClCompile>
    <ClCompile Include="src\AenirEngine\ThirdParty\ImGui\imgui.cpp">
      <Filter>Source Files\ThirdParty\ImGui</Filter>
    </ClCompile>
    <ClCompile Include="src\AenirEngine\ThirdParty\ImGui\imgui_draw.cpp">
      <Filter>Source Files\ThirdParty\ImGui</Filter>
    </ClCompile>
    <ClCompile Include="src\AenirEngine\ThirdParty\ImGui\imgui_impl_dx11.cpp">
      <Filter>Source Files\ThirdParty\ImGui</Filter>
    </ClCompile>
    <ClCompile Include="src\AenirEngine\ThirdParty\ImGui\imgui_impl_win32.cpp">
      <Filter>Source Files\ThirdParty\ImGui</Filter>
    </ClCompile>
    <ClCompile Include="src\AenirEngine\ThirdParty\ImGui\imgui_tables.cpp">
      <Filter>Source Files\ThirdParty\ImGui</Filter>
    </ClCompile>
    <ClCompile Include="src\AenirEngine\ImGuiHandler.cpp">
      <Filter>Source Files\LevelEditor</Filter>
    </ClCompile>
    <ClCompile Include="src\AenirEngine\LevelImporter.cpp">
      <Filter>Source Files\LevelEditor</Filter>
    </ClCompile>
    <ClCompile Include="src\AenirEngine\Graphics\Physics\PhysicsHandler.cpp">
      <Filter>Source Files</Filter>
    </ClCompile>
    <ClCompile Include="src\AenirEngine\Graphics\Physics\Physics.cpp">
      <Filter>Source Files</Filter>
    </ClCompile>
    <ClCompile Include="src\AenirEngine\Graphics\Component\CharacterController\CharacterController.cpp">
      <Filter>Source Files</Filter>
    </ClCompile>
    <ClCompile Include="src\AenirEngine\Importer\AssimpImporter.cpp">
      <Filter>Source Files</Filter>
    </ClCompile>
    <ClCompile Include="src\AenirEngine\Graphics\Component\Drawable\UI\UIComponent.cpp">
      <Filter>Source Files</Filter>
    </ClCompile>
    <ClCompile Include="src\AenirEngine\Graphics\Component\Drawable\UI\UITextHolder.cpp">
      <Filter>Source Files</Filter>
    </ClCompile>
    <ClCompile Include="src\AenirEngine\Graphics\Component\Drawable\UI\ButtonUI.cpp">
      <Filter>Source Files</Filter>
    </ClCompile>
    <ClCompile Include="src\AenirEngine\Graphics\Component\Drawable\UI\UIComponent.cpp">
      <Filter>Source Files</Filter>
    </ClCompile>
    <ClCompile Include="src\AenirEngine\Graphics\Component\Component.cpp">
      <Filter>Source Files</Filter>
    </ClCompile>
    <ClCompile Include="src\AenirEngine\Graphics\Physics\Raycast.cpp">
      <Filter>Source Files</Filter>
    </ClCompile>
    <ClCompile Include="src\AenirEngine\Graphics\Component\Collision\AABBComponent.cpp">
      <Filter>Source Files</Filter>
    </ClCompile>
    <ClCompile Include="src\AenirEngine\Graphics\Component\Collision\OBBComponent.cpp">
      <Filter>Source Files</Filter>
    </ClCompile>
    <ClCompile Include="src\AenirEngine\Graphics\Component\Drawable\UI\Picture.cpp">
      <Filter>Source Files</Filter>
    </ClCompile>
    <ClCompile Include="src\AenirEngine\LevelImporter.cpp">
      <Filter>Source Files</Filter>
    </ClCompile>
    <ClCompile Include="src\AenirEngine\LevelEditor\ImGuiImporter.cpp">
      <Filter>Source Files</Filter>
    </ClCompile>
    <ClCompile Include="src\AenirEngine\LevelExporter.cpp">
      <Filter>Source Files</Filter>
    </ClCompile>
    <ClCompile Include="src\AenirEngine\Graphics\Component\RigidBody\StaticBody.cpp">
      <Filter>Source Files</Filter>
    </ClCompile>
    <ClCompile Include="src\AenirEngine\Graphics\Component\RigidBody\DynamicBody.cpp">
      <Filter>Source Files</Filter>
    </ClCompile>
  </ItemGroup>
  <ItemGroup>
    <ClInclude Include="src\AenirEngine\AenWindow.h">
      <Filter>Header Files</Filter>
    </ClInclude>
    <ClInclude Include="src\AenirEngine.h">
      <Filter>Header Files</Filter>
    </ClInclude>
    <ClInclude Include="src\AenirEngine\WinMain.cpp">
      <Filter>Header Files</Filter>
    </ClInclude>
    <ClInclude Include="src\AenirEngine\AenDefines.h">
      <Filter>Header Files</Filter>
    </ClInclude>
    <ClInclude Include="src\AenirEngine\AenCore.h">
      <Filter>Header Files</Filter>
    </ClInclude>
    <ClInclude Include="src\AenirEngine\AenGraphics.h">
      <Filter>Header Files</Filter>
    </ClInclude>
    <ClInclude Include="src\PCH\PCH.h">
      <Filter>Header Files</Filter>
    </ClInclude>
    <ClInclude Include="src\AenirEngine\Graphics\Graphics.h">
      <Filter>Header Files\Graphics</Filter>
    </ClInclude>
    <ClInclude Include="src\AenirEngine\Graphics\RenderSystem.h">
      <Filter>Header Files\Graphics</Filter>
    </ClInclude>
    <ClInclude Include="src\AenirEngine\Graphics\DirectX11\BBuffer.h">
      <Filter>Header Files\Graphics\DirectX11</Filter>
    </ClInclude>
    <ClInclude Include="src\AenirEngine\Graphics\DirectX11\CBuffer.h">
      <Filter>Header Files\Graphics\DirectX11</Filter>
    </ClInclude>
    <ClInclude Include="src\AenirEngine\Graphics\DirectX11\DBuffer.h">
      <Filter>Header Files\Graphics\DirectX11</Filter>
    </ClInclude>
    <ClInclude Include="src\AenirEngine\Graphics\DirectX11\Depth.h">
      <Filter>Header Files\Graphics\DirectX11</Filter>
    </ClInclude>
    <ClInclude Include="src\AenirEngine\Graphics\DirectX11\DepthMap.h">
      <Filter>Header Files\Graphics\DirectX11</Filter>
    </ClInclude>
    <ClInclude Include="src\AenirEngine\Graphics\DirectX11\DX11Core.h">
      <Filter>Header Files\Graphics\DirectX11</Filter>
    </ClInclude>
    <ClInclude Include="src\AenirEngine\Graphics\DirectX11\DX11Type.h">
      <Filter>Header Files\Graphics\DirectX11</Filter>
    </ClInclude>
    <ClInclude Include="src\AenirEngine\Graphics\DirectX11\GBuffer.h">
      <Filter>Header Files\Graphics\DirectX11</Filter>
    </ClInclude>
    <ClInclude Include="src\AenirEngine\Graphics\DirectX11\IBuffer.h">
      <Filter>Header Files\Graphics\DirectX11</Filter>
    </ClInclude>
    <ClInclude Include="src\AenirEngine\Graphics\DirectX11\ILayout.h">
      <Filter>Header Files\Graphics\DirectX11</Filter>
    </ClInclude>
    <ClInclude Include="src\AenirEngine\Graphics\DirectX11\Reflection.h">
      <Filter>Header Files\Graphics\DirectX11</Filter>
    </ClInclude>
    <ClInclude Include="src\AenirEngine\Graphics\DirectX11\RState.h">
      <Filter>Header Files\Graphics\DirectX11</Filter>
    </ClInclude>
    <ClInclude Include="src\AenirEngine\Graphics\DirectX11\Sampler.h">
      <Filter>Header Files\Graphics\DirectX11</Filter>
    </ClInclude>
    <ClInclude Include="src\AenirEngine\Graphics\DirectX11\SBuffer.h">
      <Filter>Header Files\Graphics\DirectX11</Filter>
    </ClInclude>
    <ClInclude Include="src\AenirEngine\Graphics\DirectX11\ScreenQuad.h">
      <Filter>Header Files\Graphics\DirectX11</Filter>
    </ClInclude>
    <ClInclude Include="src\AenirEngine\Graphics\DirectX11\Shader.h">
      <Filter>Header Files\Graphics\DirectX11</Filter>
    </ClInclude>
    <ClInclude Include="src\AenirEngine\Graphics\DirectX11\ShaderResource.h">
      <Filter>Header Files\Graphics\DirectX11</Filter>
    </ClInclude>
    <ClInclude Include="src\AenirEngine\Graphics\DirectX11\Stencil.h">
      <Filter>Header Files\Graphics\DirectX11</Filter>
    </ClInclude>
    <ClInclude Include="src\AenirEngine\Graphics\DirectX11\VBuffer.h">
      <Filter>Header Files\Graphics\DirectX11</Filter>
    </ClInclude>
    <ClInclude Include="src\AenirEngine\Core\App.h">
      <Filter>Header Files\Core</Filter>
    </ClInclude>
    <ClInclude Include="src\AenirEngine\Core\GameLoop.h">
      <Filter>Header Files\Core</Filter>
    </ClInclude>
    <ClInclude Include="src\AenirEngine\Core\GlobalSettings.h">
      <Filter>Header Files\Core</Filter>
    </ClInclude>
    <ClInclude Include="src\AenirEngine\Core\Renderer.h">
      <Filter>Header Files\Core</Filter>
    </ClInclude>
    <ClInclude Include="src\AenirEngine\Window\Input.h">
      <Filter>Header Files\Window</Filter>
    </ClInclude>
    <ClInclude Include="src\AenirEngine\Window\Window.h">
      <Filter>Header Files\Window</Filter>
    </ClInclude>
    <ClInclude Include="src\AenirEngine\Window\WindowDef.h">
      <Filter>Header Files\Window</Filter>
    </ClInclude>
    <ClInclude Include="src\AenirEngine\Window\WindowDesc.h">
      <Filter>Header Files\Window</Filter>
    </ClInclude>
    <ClInclude Include="src\AenirEngine\Window\WindowHandle.h">
      <Filter>Header Files\Window</Filter>
    </ClInclude>
    <ClInclude Include="src\AenirEngine\Graphics\Component\ComponentHandler.h">
      <Filter>Header Files\Graphics\Component</Filter>
    </ClInclude>
    <ClInclude Include="src\AenirEngine\Graphics\Component\Entity.h">
      <Filter>Header Files\Graphics\Component</Filter>
    </ClInclude>
    <ClInclude Include="src\AenirEngine\Graphics\Component\EntityHandler.h">
      <Filter>Header Files\Graphics\Component</Filter>
    </ClInclude>
    <ClInclude Include="src\AenirEngine\Graphics\Component\Resource.h">
      <Filter>Header Files\Graphics\Component</Filter>
    </ClInclude>
    <ClInclude Include="src\AenirEngine\Graphics\Component\Animation\Animation.h">
      <Filter>Header Files\Graphics\Component\Animation</Filter>
    </ClInclude>
    <ClInclude Include="src\AenirEngine\Graphics\Component\Camera\Camera.h">
      <Filter>Header Files\Graphics\Component\Camera</Filter>
    </ClInclude>
    <ClInclude Include="src\AenirEngine\Graphics\Component\Light\Light.h">
      <Filter>Header Files\Graphics\Component\Light</Filter>
    </ClInclude>
    <ClInclude Include="src\AenirEngine\Graphics\Component\Drawable\Mesh\Material.h">
      <Filter>Header Files\Graphics\Component\Mesh</Filter>
    </ClInclude>
    <ClInclude Include="src\AenirEngine\Graphics\Component\Drawable\Mesh\Mesh.h">
      <Filter>Header Files\Graphics\Component\Mesh</Filter>
    </ClInclude>
    <ClInclude Include="src\AenirEngine\Graphics\Component\Drawable\Mesh\Texture.h">
      <Filter>Header Files\Graphics\Component\Mesh</Filter>
    </ClInclude>
    <ClInclude Include="src\AenirEngine\Graphics\Component\Tranform\Tranform.h">
      <Filter>Header Files\Graphics\Component\Tranform</Filter>
    </ClInclude>
    <ClInclude Include="src\AenirEngine\Importer\ObjImporter.h">
      <Filter>Header Files\Importer</Filter>
    </ClInclude>
    <ClInclude Include="src\AenirEngine\ThirdParty\SimpleMath\SimpleMath.h">
      <Filter>Header Files</Filter>
    </ClInclude>
    <ClInclude Include="src\AenirEngine\Graphics\Component\Drawable\Mesh\MeshInstance.h">
      <Filter>Header Files</Filter>
    </ClInclude>
    <ClInclude Include="src\AenirEngine\Graphics\Component\Drawable\Drawable.h">
      <Filter>Header Files</Filter>
    </ClInclude>
    <ClInclude Include="src\AenirEngine\Math\Burito\Burito.h">
      <Filter>Header Files</Filter>
    </ClInclude>
    <ClInclude Include="src\AenirEngine\BuritoMath.h">
      <Filter>Header Files</Filter>
    </ClInclude>
    <ClInclude Include="src\AenirEngine\Math\BuritoMath\Color.h">
      <Filter>Header Files</Filter>
    </ClInclude>
    <ClInclude Include="src\AenirEngine\Math\BuritoMath\MathFunctions.h">
      <Filter>Header Files</Filter>
    </ClInclude>
    <ClInclude Include="src\AenirEngine\Math\BuritoMath\Matrix.h">
      <Filter>Header Files</Filter>
    </ClInclude>
    <ClInclude Include="src\AenirEngine\Math\BuritoMath\Vector.h">
      <Filter>Header Files</Filter>
    </ClInclude>
    <ClInclude Include="src\AenirEngine\Graphics\DirectX11\UAView.h">
      <Filter>Header Files</Filter>
    </ClInclude>
    <ClInclude Include="src\AenirEngine\Graphics\DirectX11\RWTexture2D.h">
      <Filter>Header Files</Filter>
    </ClInclude>
    <ClInclude Include="src\AenirEngine\ThirdParty\ImGui\imstb_truetype.h">
      <Filter>Header Files\ThirdParty\ImGui</Filter>
    </ClInclude>
    <ClInclude Include="src\AenirEngine\ThirdParty\ImGui\imconfig.h">
      <Filter>Header Files\ThirdParty\ImGui</Filter>
    </ClInclude>
    <ClInclude Include="src\AenirEngine\ThirdParty\ImGui\imgui.h">
      <Filter>Header Files\ThirdParty\ImGui</Filter>
    </ClInclude>
    <ClInclude Include="src\AenirEngine\ThirdParty\ImGui\imgui_impl_dx11.h">
      <Filter>Header Files\ThirdParty\ImGui</Filter>
    </ClInclude>
    <ClInclude Include="src\AenirEngine\ThirdParty\ImGui\imgui_impl_win32.h">
      <Filter>Header Files\ThirdParty\ImGui</Filter>
    </ClInclude>
    <ClInclude Include="src\AenirEngine\ThirdParty\ImGui\imgui_internal.h">
      <Filter>Header Files\ThirdParty\ImGui</Filter>
    </ClInclude>
    <ClInclude Include="src\AenirEngine\ThirdParty\ImGui\imstb_rectpack.h">
      <Filter>Header Files\ThirdParty\ImGui</Filter>
    </ClInclude>
    <ClInclude Include="src\AenirEngine\ThirdParty\ImGui\imstb_textedit.h">
      <Filter>Header Files\ThirdParty\ImGui</Filter>
    </ClInclude>
    <ClInclude Include="src\AenirEngine\ImGuiHandler.h">
      <Filter>Header Files\LevelEditor</Filter>
    </ClInclude>
    <ClInclude Include="src\AenirEngine\RoomFormat.h">
      <Filter>Header Files\LevelEditor</Filter>
    </ClInclude>
    <ClInclude Include="src\AenirEngine\LevelImporter.h">
      <Filter>Header Files\LevelEditor</Filter>
    </ClInclude>
    <ClInclude Include="src\AenirEngine\LevelHeader.h">
      <Filter>Header Files\LevelEditor</Filter>
    </ClInclude>
    <ClInclude Include="src\AenirEngine\Graphics\Physics\PhysicsHandler.h">
      <Filter>Header Files</Filter>
    </ClInclude>
    <ClInclude Include="src\AenirEngine\Graphics\Physics\Physics.h">
      <Filter>Header Files</Filter>
    </ClInclude>
    <ClInclude Include="src\AenirEngine\ThirdParty\PhysX\PhysX.h">
      <Filter>Header Files</Filter>
    </ClInclude>
    <ClInclude Include="src\AenirEngine\Graphics\Component\CharacterController\CharacterController.h">
      <Filter>Header Files</Filter>
    </ClInclude>
    <ClInclude Include="src\AenirEngine\Importer\AssimpImporter.h">
      <Filter>Header Files</Filter>
    </ClInclude>
    <ClInclude Include="src\AenirEngine\Graphics\Component\Drawable\UI\UIComponent.h">
      <Filter>Header Files</Filter>
    </ClInclude>
    <ClInclude Include="src\AenirEngine\Graphics\Component\Drawable\UI\ButtonUI.h">
      <Filter>Header Files</Filter>
    </ClInclude>
    <ClInclude Include="src\AenirEngine\Graphics\Component\Drawable\UI\UIComponent.h">
      <Filter>Header Files</Filter>
    </ClInclude>
    <ClInclude Include="src\AenirEngine\Graphics\Component\Component.h">
      <Filter>Header Files</Filter>
    </ClInclude>
    <ClInclude Include="src\AenirEngine\Graphics\Physics\Raycast.h">
      <Filter>Header Files</Filter>
    </ClInclude>
    <ClInclude Include="src\AenirEngine\Graphics\Component\Drawable\UI\UITextHolder.h">
      <Filter>Header Files</Filter>
    </ClInclude>
    <ClInclude Include="src\AenirEngine\Graphics\Component\Collision\AABBComponent.h">
      <Filter>Header Files</Filter>
    </ClInclude>
    <ClInclude Include="src\AenirEngine\Graphics\Component\Collision\OBBComponent.h">
      <Filter>Header Files</Filter>
    </ClInclude>
    <ClInclude Include="src\AenirEngine\Graphics\Component\Drawable\UI\Picture.h">
      <Filter>Header Files</Filter>
    </ClInclude>
    <ClInclude Include="src\AenirEngine\RoomFormat.h">
      <Filter>Header Files</Filter>
    </ClInclude>
    <ClInclude Include="src\AenirEngine\LevelImporter.h">
      <Filter>Header Files</Filter>
    </ClInclude>
    <ClInclude Include="src\AenirEngine\LevelEditor\ImGuiImporter.h">
      <Filter>Header Files</Filter>
    </ClInclude>
    <ClInclude Include="src\AenirEngine\LevelEditor\ImguiType.h">
      <Filter>Header Files</Filter>
    </ClInclude>
    <ClInclude Include="src\AenirEngine\LevelExporter.h">
      <Filter>Header Files</Filter>
    </ClInclude>
    <ClInclude Include="src\AenirEngine\Graphics\Component\RigidBody\StaticBody.h">
      <Filter>Header Files</Filter>
    </ClInclude>
    <ClInclude Include="src\AenirEngine\Graphics\Component\RigidBody\DynamicBody.h">
      <Filter>Header Files</Filter>
    </ClInclude>
    <ClInclude Include="src\AenirEngine\Graphics\Component\RigidBody\RigidEnums.h">
      <Filter>Header Files</Filter>
    </ClInclude>
  </ItemGroup>
  <ItemGroup>
    <FxCompile Include="src\AenirEngine\Graphics\Shader Files\OpaqueVS.hlsl">
      <Filter>Shader Files\CellShader</Filter>
    </FxCompile>
    <FxCompile Include="src\AenirEngine\Graphics\Shader Files\CellShader\CellShaderPS.hlsl">
      <Filter>Shader Files\CellShader</Filter>
    </FxCompile>
    <FxCompile Include="src\AenirEngine\Graphics\Shader Files\LightCullCS.hlsl" />
    <FxCompile Include="src\AenirEngine\Graphics\Shader Files\CellShader\CellShaderCS.hlsl" />
    <FxCompile Include="src\AenirEngine\Graphics\Shader Files\CollisionPS.hlsl" />
    <FxCompile Include="src\AenirEngine\Graphics\Shader Files\PostProcessCS.hlsl" />
  </ItemGroup>
  <ItemGroup>
    <None Include="src\AenirEngine\ThirdParty\SimpleMath\SimpleMath.inl">
      <Filter>Header Files</Filter>
    </None>
  </ItemGroup>
</Project>